// !$*UTF8*$!
{
	archiveVersion = 1;
	classes = {
	};
	objectVersion = 56;
	objects = {

/* Begin PBXBuildFile section */
		924B6AF22ABEF7E500B449CC /* Switch_case.cpp in Sources */ = {isa = PBXBuildFile; fileRef = 924B6AF12ABEF7E500B449CC /* Switch_case.cpp */; };
/* End PBXBuildFile section */

/* Begin PBXCopyFilesBuildPhase section */
		92ABE1682ABCC1220017310B /* CopyFiles */ = {
			isa = PBXCopyFilesBuildPhase;
			buildActionMask = 2147483647;
			dstPath = /usr/share/man/man1/;
			dstSubfolderSpec = 0;
			files = (
			);
			runOnlyForDeploymentPostprocessing = 1;
		};
/* End PBXCopyFilesBuildPhase section */

/* Begin PBXFileReference section */
		924B6A742ABD957900B449CC /* DataType.cpp */ = {isa = PBXFileReference; lastKnownFileType = sourcecode.cpp.cpp; path = DataType.cpp; sourceTree = "<group>"; };
		924B6A762ABDA20500B449CC /* TypeModifiers.cpp */ = {isa = PBXFileReference; lastKnownFileType = sourcecode.cpp.cpp; path = TypeModifiers.cpp; sourceTree = "<group>"; };
		924B6A782ABDAA5E00B449CC /* Q1_Sum.cpp */ = {isa = PBXFileReference; lastKnownFileType = sourcecode.cpp.cpp; path = Q1_Sum.cpp; sourceTree = "<group>"; };
		924B6A7A2ABDAB2900B449CC /* Q1_alt.cpp */ = {isa = PBXFileReference; lastKnownFileType = sourcecode.cpp.cpp; path = Q1_alt.cpp; sourceTree = "<group>"; };
		924B6A812ABDF11D00B449CC /* if_else_elseif.md */ = {isa = PBXFileReference; lastKnownFileType = net.daringfireball.markdown; path = if_else_elseif.md; sourceTree = "<group>"; };
		924B6A822ABDF1FF00B449CC /* if_else.cpp */ = {isa = PBXFileReference; lastKnownFileType = sourcecode.cpp.cpp; path = if_else.cpp; sourceTree = "<group>"; };
		924B6A842ABDF36300B449CC /* elseif.cpp */ = {isa = PBXFileReference; lastKnownFileType = sourcecode.cpp.cpp; path = elseif.cpp; sourceTree = "<group>"; };
		924B6A872ABDF50600B449CC /* nested_if.cpp */ = {isa = PBXFileReference; lastKnownFileType = sourcecode.cpp.cpp; path = nested_if.cpp; sourceTree = "<group>"; };
		924B6A8B2ABDFAC300B449CC /* 2.3 if_else.pdf */ = {isa = PBXFileReference; lastKnownFileType = image.pdf; path = "2.3 if_else.pdf"; sourceTree = "<group>"; };
		924B6A8C2ABDFAF000B449CC /* Q1.cpp */ = {isa = PBXFileReference; lastKnownFileType = sourcecode.cpp.cpp; path = Q1.cpp; sourceTree = "<group>"; };
		924B6A8E2ABDFC1400B449CC /* Q2.cpp */ = {isa = PBXFileReference; lastKnownFileType = sourcecode.cpp.cpp; path = Q2.cpp; sourceTree = "<group>"; };
		924B6A902ABDFD2400B449CC /* Q3.cpp */ = {isa = PBXFileReference; lastKnownFileType = sourcecode.cpp.cpp; path = Q3.cpp; sourceTree = "<group>"; };
		924B6A922ABDFFB600B449CC /* Q4.cpp */ = {isa = PBXFileReference; lastKnownFileType = sourcecode.cpp.cpp; path = Q4.cpp; sourceTree = "<group>"; };
		924B6A942ABE029000B449CC /* Q5.cpp */ = {isa = PBXFileReference; lastKnownFileType = sourcecode.cpp.cpp; path = Q5.cpp; sourceTree = "<group>"; };
		924B6AD52ABE2E7400B449CC /* 2.4 Loops.pdf */ = {isa = PBXFileReference; lastKnownFileType = image.pdf; path = "2.4 Loops.pdf"; sourceTree = "<group>"; };
		924B6AD62ABE2E7400B449CC /* Q3.cpp */ = {isa = PBXFileReference; fileEncoding = 4; lastKnownFileType = sourcecode.cpp.cpp; path = Q3.cpp; sourceTree = "<group>"; };
		924B6AD72ABE2E7400B449CC /* Q2.cpp */ = {isa = PBXFileReference; fileEncoding = 4; lastKnownFileType = sourcecode.cpp.cpp; path = Q2.cpp; sourceTree = "<group>"; };
		924B6AD82ABE2E7400B449CC /* Q1.cpp */ = {isa = PBXFileReference; fileEncoding = 4; lastKnownFileType = sourcecode.cpp.cpp; path = Q1.cpp; sourceTree = "<group>"; };
		924B6AD92ABE2E7400B449CC /* do_while.cpp */ = {isa = PBXFileReference; fileEncoding = 4; lastKnownFileType = sourcecode.cpp.cpp; path = do_while.cpp; sourceTree = "<group>"; };
		924B6ADA2ABE2E7400B449CC /* for_loop.cpp */ = {isa = PBXFileReference; fileEncoding = 4; lastKnownFileType = sourcecode.cpp.cpp; path = for_loop.cpp; sourceTree = "<group>"; };
		924B6ADB2ABE2E7400B449CC /* while_loop.cpp */ = {isa = PBXFileReference; fileEncoding = 4; lastKnownFileType = sourcecode.cpp.cpp; path = while_loop.cpp; sourceTree = "<group>"; };
		924B6AE42ABEE24900B449CC /* 3.1 Jumpsinloops.pdf */ = {isa = PBXFileReference; lastKnownFileType = image.pdf; path = "3.1 Jumpsinloops.pdf"; sourceTree = "<group>"; };
		924B6AE52ABEE27600B449CC /* continue.cpp */ = {isa = PBXFileReference; lastKnownFileType = sourcecode.cpp.cpp; path = continue.cpp; sourceTree = "<group>"; };
		924B6AE72ABEE39200B449CC /* break.cpp */ = {isa = PBXFileReference; lastKnownFileType = sourcecode.cpp.cpp; path = break.cpp; sourceTree = "<group>"; };
		924B6AEA2ABEE5AA00B449CC /* Q1.cpp */ = {isa = PBXFileReference; lastKnownFileType = sourcecode.cpp.cpp; path = Q1.cpp; sourceTree = "<group>"; };
		924B6AEC2ABEE7A300B449CC /* Q2.cpp */ = {isa = PBXFileReference; lastKnownFileType = sourcecode.cpp.cpp; path = Q2.cpp; sourceTree = "<group>"; };
		924B6AEE2ABEEAD500B449CC /* Q3.cpp */ = {isa = PBXFileReference; lastKnownFileType = sourcecode.cpp.cpp; path = Q3.cpp; sourceTree = "<group>"; };
		924B6AF12ABEF7E500B449CC /* Switch_case.cpp */ = {isa = PBXFileReference; lastKnownFileType = sourcecode.cpp.cpp; path = Switch_case.cpp; sourceTree = "<group>"; };
		92ABE16A2ABCC1220017310B /* Cpp */ = {isa = PBXFileReference; explicitFileType = "compiled.mach-o.executable"; includeInIndex = 0; path = Cpp; sourceTree = BUILT_PRODUCTS_DIR; };
		92ABE17F2ABCC9240017310B /* CodeFlow.cpp */ = {isa = PBXFileReference; lastKnownFileType = sourcecode.cpp.cpp; path = CodeFlow.cpp; sourceTree = "<group>"; };
		92ABE1822ABCCD270017310B /* HelloWorld.cpp */ = {isa = PBXFileReference; lastKnownFileType = sourcecode.cpp.cpp; path = HelloWorld.cpp; sourceTree = "<group>"; };
		92ABE1852ABCCDB80017310B /* HelloWorld(without_namespace).cpp */ = {isa = PBXFileReference; lastKnownFileType = sourcecode.cpp.cpp; path = "HelloWorld(without_namespace).cpp"; sourceTree = "<group>"; };
		92ABE18D2ABCD61F0017310B /* Input_Output.cpp */ = {isa = PBXFileReference; lastKnownFileType = sourcecode.cpp.cpp; path = Input_Output.cpp; sourceTree = "<group>"; };
		92ABE1902ABCD7D10017310B /* Arithmetic.cpp */ = {isa = PBXFileReference; lastKnownFileType = sourcecode.cpp.cpp; path = Arithmetic.cpp; sourceTree = "<group>"; };
/* End PBXFileReference section */

/* Begin PBXFrameworksBuildPhase section */
		92ABE1672ABCC1220017310B /* Frameworks */ = {
			isa = PBXFrameworksBuildPhase;
			buildActionMask = 2147483647;
			files = (
			);
			runOnlyForDeploymentPostprocessing = 0;
		};
/* End PBXFrameworksBuildPhase section */

/* Begin PBXGroup section */
		924B6A732ABD950400B449CC /* 0.5_DataType */ = {
			isa = PBXGroup;
			children = (
				924B6A742ABD957900B449CC /* DataType.cpp */,
				924B6A762ABDA20500B449CC /* TypeModifiers.cpp */,
			);
			path = 0.5_DataType;
			sourceTree = "<group>";
		};
		924B6A7D2ABDF04100B449CC /* 04_If_Else_Elseif */ = {
			isa = PBXGroup;
			children = (
				924B6A8A2ABDFABB00B449CC /* Questions */,
				924B6A812ABDF11D00B449CC /* if_else_elseif.md */,
				924B6A822ABDF1FF00B449CC /* if_else.cpp */,
				924B6A842ABDF36300B449CC /* elseif.cpp */,
				924B6A872ABDF50600B449CC /* nested_if.cpp */,
			);
			path = 04_If_Else_Elseif;
			sourceTree = "<group>";
		};
		924B6A8A2ABDFABB00B449CC /* Questions */ = {
			isa = PBXGroup;
			children = (
				924B6A8B2ABDFAC300B449CC /* 2.3 if_else.pdf */,
				924B6A8C2ABDFAF000B449CC /* Q1.cpp */,
				924B6A8E2ABDFC1400B449CC /* Q2.cpp */,
				924B6A902ABDFD2400B449CC /* Q3.cpp */,
				924B6A922ABDFFB600B449CC /* Q4.cpp */,
				924B6A942ABE029000B449CC /* Q5.cpp */,
			);
			path = Questions;
			sourceTree = "<group>";
		};
		924B6AD32ABE2E7400B449CC /* 05_Loops */ = {
			isa = PBXGroup;
			children = (
				924B6AD42ABE2E7400B449CC /* QUESTION */,
				924B6AD92ABE2E7400B449CC /* do_while.cpp */,
				924B6ADA2ABE2E7400B449CC /* for_loop.cpp */,
				924B6ADB2ABE2E7400B449CC /* while_loop.cpp */,
			);
			path = 05_Loops;
			sourceTree = "<group>";
		};
		924B6AD42ABE2E7400B449CC /* QUESTION */ = {
			isa = PBXGroup;
			children = (
				924B6AD52ABE2E7400B449CC /* 2.4 Loops.pdf */,
				924B6AD62ABE2E7400B449CC /* Q3.cpp */,
				924B6AD72ABE2E7400B449CC /* Q2.cpp */,
				924B6AD82ABE2E7400B449CC /* Q1.cpp */,
			);
			path = QUESTION;
			sourceTree = "<group>";
		};
		924B6AE32ABEE21800B449CC /* 06_Jumps */ = {
			isa = PBXGroup;
			children = (
				924B6AE92ABEE59300B449CC /* Question */,
				924B6AE52ABEE27600B449CC /* continue.cpp */,
				924B6AE72ABEE39200B449CC /* break.cpp */,
			);
			path = 06_Jumps;
			sourceTree = "<group>";
		};
		924B6AE92ABEE59300B449CC /* Question */ = {
			isa = PBXGroup;
			children = (
				924B6AE42ABEE24900B449CC /* 3.1 Jumpsinloops.pdf */,
				924B6AEA2ABEE5AA00B449CC /* Q1.cpp */,
				924B6AEC2ABEE7A300B449CC /* Q2.cpp */,
				924B6AEE2ABEEAD500B449CC /* Q3.cpp */,
			);
			path = Question;
			sourceTree = "<group>";
		};
		924B6AF02ABEF7BD00B449CC /* 07_switch_case */ = {
			isa = PBXGroup;
			children = (
				924B6AF12ABEF7E500B449CC /* Switch_case.cpp */,
			);
			path = 07_switch_case;
			sourceTree = "<group>";
		};
		92ABE1612ABCC1220017310B = {
			isa = PBXGroup;
			children = (
				92ABE16C2ABCC1220017310B /* Cpp */,
				92ABE16B2ABCC1220017310B /* Products */,
			);
			sourceTree = "<group>";
		};
		92ABE16B2ABCC1220017310B /* Products */ = {
			isa = PBXGroup;
			children = (
				92ABE16A2ABCC1220017310B /* Cpp */,
			);
			name = Products;
			sourceTree = "<group>";
		};
		92ABE16C2ABCC1220017310B /* Cpp */ = {
			isa = PBXGroup;
			children = (
				924B6AF02ABEF7BD00B449CC /* 07_switch_case */,
				924B6AE32ABEE21800B449CC /* 06_Jumps */,
				924B6AD32ABE2E7400B449CC /* 05_Loops */,
				924B6A7D2ABDF04100B449CC /* 04_If_Else_Elseif */,
				924B6A732ABD950400B449CC /* 0.5_DataType */,
				92ABE18F2ABCD71B0017310B /* 03_Arithmetic */,
				92ABE18C2ABCD5F90017310B /* 02_Input_Output */,
				92ABE17E2ABCC8FB0017310B /* 00_CodeFlow */,
				92ABE1742ABCC2450017310B /* 01_HelloWorld */,
			);
			path = Cpp;
			sourceTree = "<group>";
		};
		92ABE1742ABCC2450017310B /* 01_HelloWorld */ = {
			isa = PBXGroup;
			children = (
				92ABE1822ABCCD270017310B /* HelloWorld.cpp */,
				92ABE1852ABCCDB80017310B /* HelloWorld(without_namespace).cpp */,
			);
			path = 01_HelloWorld;
			sourceTree = "<group>";
		};
		92ABE17E2ABCC8FB0017310B /* 00_CodeFlow */ = {
			isa = PBXGroup;
			children = (
				92ABE17F2ABCC9240017310B /* CodeFlow.cpp */,
			);
			path = 00_CodeFlow;
			sourceTree = "<group>";
		};
		92ABE18C2ABCD5F90017310B /* 02_Input_Output */ = {
			isa = PBXGroup;
			children = (
				92ABE18D2ABCD61F0017310B /* Input_Output.cpp */,
				924B6A782ABDAA5E00B449CC /* Q1_Sum.cpp */,
				924B6A7A2ABDAB2900B449CC /* Q1_alt.cpp */,
			);
			path = 02_Input_Output;
			sourceTree = "<group>";
		};
		92ABE18F2ABCD71B0017310B /* 03_Arithmetic */ = {
			isa = PBXGroup;
			children = (
				92ABE1902ABCD7D10017310B /* Arithmetic.cpp */,
			);
			path = 03_Arithmetic;
			sourceTree = "<group>";
		};
/* End PBXGroup section */

/* Begin PBXNativeTarget section */
		92ABE1692ABCC1220017310B /* Cpp */ = {
			isa = PBXNativeTarget;
			buildConfigurationList = 92ABE1712ABCC1220017310B /* Build configuration list for PBXNativeTarget "Cpp" */;
			buildPhases = (
				92ABE1662ABCC1220017310B /* Sources */,
				92ABE1672ABCC1220017310B /* Frameworks */,
				92ABE1682ABCC1220017310B /* CopyFiles */,
			);
			buildRules = (
			);
			dependencies = (
			);
			name = Cpp;
			productName = Cpp;
			productReference = 92ABE16A2ABCC1220017310B /* Cpp */;
			productType = "com.apple.product-type.tool";
		};
/* End PBXNativeTarget section */

/* Begin PBXProject section */
		92ABE1622ABCC1220017310B /* Project object */ = {
			isa = PBXProject;
			attributes = {
				BuildIndependentTargetsInParallel = 1;
				LastUpgradeCheck = 1430;
				TargetAttributes = {
					92ABE1692ABCC1220017310B = {
						CreatedOnToolsVersion = 14.3.1;
					};
				};
			};
			buildConfigurationList = 92ABE1652ABCC1220017310B /* Build configuration list for PBXProject "Cpp" */;
			compatibilityVersion = "Xcode 14.0";
			developmentRegion = en;
			hasScannedForEncodings = 0;
			knownRegions = (
				en,
				Base,
			);
			mainGroup = 92ABE1612ABCC1220017310B;
			productRefGroup = 92ABE16B2ABCC1220017310B /* Products */;
			projectDirPath = "";
			projectRoot = "";
			targets = (
				92ABE1692ABCC1220017310B /* Cpp */,
			);
		};
/* End PBXProject section */

/* Begin PBXSourcesBuildPhase section */
		92ABE1662ABCC1220017310B /* Sources */ = {
			isa = PBXSourcesBuildPhase;
			buildActionMask = 2147483647;
			files = (
				924B6AF22ABEF7E500B449CC /* Switch_case.cpp in Sources */,
			);
			runOnlyForDeploymentPostprocessing = 0;
		};
/* End PBXSourcesBuildPhase section */

/* Begin XCBuildConfiguration section */
		92ABE16F2ABCC1220017310B /* Debug */ = {
			isa = XCBuildConfiguration;
			buildSettings = {
				ALWAYS_SEARCH_USER_PATHS = NO;
				CLANG_ANALYZER_NONNULL = YES;
				CLANG_ANALYZER_NUMBER_OBJECT_CONVERSION = YES_AGGRESSIVE;
				CLANG_CXX_LANGUAGE_STANDARD = "gnu++20";
				CLANG_ENABLE_MODULES = YES;
				CLANG_ENABLE_OBJC_ARC = YES;
				CLANG_ENABLE_OBJC_WEAK = YES;
				CLANG_WARN_BLOCK_CAPTURE_AUTORELEASING = YES;
				CLANG_WARN_BOOL_CONVERSION = YES;
				CLANG_WARN_COMMA = YES;
				CLANG_WARN_CONSTANT_CONVERSION = YES;
				CLANG_WARN_DEPRECATED_OBJC_IMPLEMENTATIONS = YES;
				CLANG_WARN_DIRECT_OBJC_ISA_USAGE = YES_ERROR;
				CLANG_WARN_DOCUMENTATION_COMMENTS = YES;
				CLANG_WARN_EMPTY_BODY = YES;
				CLANG_WARN_ENUM_CONVERSION = YES;
				CLANG_WARN_INFINITE_RECURSION = YES;
				CLANG_WARN_INT_CONVERSION = YES;
				CLANG_WARN_NON_LITERAL_NULL_CONVERSION = YES;
				CLANG_WARN_OBJC_IMPLICIT_RETAIN_SELF = YES;
				CLANG_WARN_OBJC_LITERAL_CONVERSION = YES;
				CLANG_WARN_OBJC_ROOT_CLASS = YES_ERROR;
				CLANG_WARN_QUOTED_INCLUDE_IN_FRAMEWORK_HEADER = YES;
				CLANG_WARN_RANGE_LOOP_ANALYSIS = YES;
				CLANG_WARN_STRICT_PROTOTYPES = YES;
				CLANG_WARN_SUSPICIOUS_MOVE = YES;
				CLANG_WARN_UNGUARDED_AVAILABILITY = YES_AGGRESSIVE;
				CLANG_WARN_UNREACHABLE_CODE = YES;
				CLANG_WARN__DUPLICATE_METHOD_MATCH = YES;
				COPY_PHASE_STRIP = NO;
				DEBUG_INFORMATION_FORMAT = dwarf;
				ENABLE_STRICT_OBJC_MSGSEND = YES;
				ENABLE_TESTABILITY = YES;
				GCC_C_LANGUAGE_STANDARD = gnu11;
				GCC_DYNAMIC_NO_PIC = NO;
				GCC_NO_COMMON_BLOCKS = YES;
				GCC_OPTIMIZATION_LEVEL = 0;
				GCC_PREPROCESSOR_DEFINITIONS = (
					"DEBUG=1",
					"$(inherited)",
				);
				GCC_WARN_64_TO_32_BIT_CONVERSION = YES;
				GCC_WARN_ABOUT_RETURN_TYPE = YES_ERROR;
				GCC_WARN_UNDECLARED_SELECTOR = YES;
				GCC_WARN_UNINITIALIZED_AUTOS = YES_AGGRESSIVE;
				GCC_WARN_UNUSED_FUNCTION = YES;
				GCC_WARN_UNUSED_VARIABLE = YES;
				MACOSX_DEPLOYMENT_TARGET = 13.3;
				MTL_ENABLE_DEBUG_INFO = INCLUDE_SOURCE;
				MTL_FAST_MATH = YES;
				ONLY_ACTIVE_ARCH = YES;
				SDKROOT = macosx;
			};
			name = Debug;
		};
		92ABE1702ABCC1220017310B /* Release */ = {
			isa = XCBuildConfiguration;
			buildSettings = {
				ALWAYS_SEARCH_USER_PATHS = NO;
				CLANG_ANALYZER_NONNULL = YES;
				CLANG_ANALYZER_NUMBER_OBJECT_CONVERSION = YES_AGGRESSIVE;
				CLANG_CXX_LANGUAGE_STANDARD = "gnu++20";
				CLANG_ENABLE_MODULES = YES;
				CLANG_ENABLE_OBJC_ARC = YES;
				CLANG_ENABLE_OBJC_WEAK = YES;
				CLANG_WARN_BLOCK_CAPTURE_AUTORELEASING = YES;
				CLANG_WARN_BOOL_CONVERSION = YES;
				CLANG_WARN_COMMA = YES;
				CLANG_WARN_CONSTANT_CONVERSION = YES;
				CLANG_WARN_DEPRECATED_OBJC_IMPLEMENTATIONS = YES;
				CLANG_WARN_DIRECT_OBJC_ISA_USAGE = YES_ERROR;
				CLANG_WARN_DOCUMENTATION_COMMENTS = YES;
				CLANG_WARN_EMPTY_BODY = YES;
				CLANG_WARN_ENUM_CONVERSION = YES;
				CLANG_WARN_INFINITE_RECURSION = YES;
				CLANG_WARN_INT_CONVERSION = YES;
				CLANG_WARN_NON_LITERAL_NULL_CONVERSION = YES;
				CLANG_WARN_OBJC_IMPLICIT_RETAIN_SELF = YES;
				CLANG_WARN_OBJC_LITERAL_CONVERSION = YES;
				CLANG_WARN_OBJC_ROOT_CLASS = YES_ERROR;
				CLANG_WARN_QUOTED_INCLUDE_IN_FRAMEWORK_HEADER = YES;
				CLANG_WARN_RANGE_LOOP_ANALYSIS = YES;
				CLANG_WARN_STRICT_PROTOTYPES = YES;
				CLANG_WARN_SUSPICIOUS_MOVE = YES;
				CLANG_WARN_UNGUARDED_AVAILABILITY = YES_AGGRESSIVE;
				CLANG_WARN_UNREACHABLE_CODE = YES;
				CLANG_WARN__DUPLICATE_METHOD_MATCH = YES;
				COPY_PHASE_STRIP = NO;
				DEBUG_INFORMATION_FORMAT = "dwarf-with-dsym";
				ENABLE_NS_ASSERTIONS = NO;
				ENABLE_STRICT_OBJC_MSGSEND = YES;
				GCC_C_LANGUAGE_STANDARD = gnu11;
				GCC_NO_COMMON_BLOCKS = YES;
				GCC_WARN_64_TO_32_BIT_CONVERSION = YES;
				GCC_WARN_ABOUT_RETURN_TYPE = YES_ERROR;
				GCC_WARN_UNDECLARED_SELECTOR = YES;
				GCC_WARN_UNINITIALIZED_AUTOS = YES_AGGRESSIVE;
				GCC_WARN_UNUSED_FUNCTION = YES;
				GCC_WARN_UNUSED_VARIABLE = YES;
				MACOSX_DEPLOYMENT_TARGET = 13.3;
				MTL_ENABLE_DEBUG_INFO = NO;
				MTL_FAST_MATH = YES;
				SDKROOT = macosx;
			};
			name = Release;
		};
		92ABE1722ABCC1220017310B /* Debug */ = {
			isa = XCBuildConfiguration;
			buildSettings = {
				CODE_SIGN_STYLE = Automatic;
				PRODUCT_NAME = "$(TARGET_NAME)";
			};
			name = Debug;
		};
		92ABE1732ABCC1220017310B /* Release */ = {
			isa = XCBuildConfiguration;
			buildSettings = {
				CODE_SIGN_STYLE = Automatic;
				PRODUCT_NAME = "$(TARGET_NAME)";
			};
			name = Release;
		};
/* End XCBuildConfiguration section */

/* Begin XCConfigurationList section */
		92ABE1652ABCC1220017310B /* Build configuration list for PBXProject "Cpp" */ = {
			isa = XCConfigurationList;
			buildConfigurations = (
				92ABE16F2ABCC1220017310B /* Debug */,
				92ABE1702ABCC1220017310B /* Release */,
			);
			defaultConfigurationIsVisible = 0;
			defaultConfigurationName = Release;
		};
		92ABE1712ABCC1220017310B /* Build configuration list for PBXNativeTarget "Cpp" */ = {
			isa = XCConfigurationList;
			buildConfigurations = (
				92ABE1722ABCC1220017310B /* Debug */,
				92ABE1732ABCC1220017310B /* Release */,
			);
			defaultConfigurationIsVisible = 0;
			defaultConfigurationName = Release;
		};
/* End XCConfigurationList section */
	};
	rootObject = 92ABE1622ABCC1220017310B /* Project object */;
}
